
Microsoft Visual Studio Solution File, Format Version 12.00
# Visual Studio 14
VisualStudioVersion = 14.0.25420.1
MinimumVisualStudioVersion = 10.0.40219.1
Project("{182E2583-ECAD-465B-BB50-91101D7C24CE}") = "USQL-PBI Input", "USQL\USQL-PBI Input.usqlproj", "{D930B309-7220-4B6A-926B-E7A96A86A8EB}"
EndProject
Project("{182E2583-ECAD-465B-BB50-91101D7C24CE}") = "USQL-Column Tag List", "USQL-Column Tag List\USQL-Column Tag List.usqlproj", "{4BAC4E8A-49CC-4AFB-9C8C-72CAEA1490E5}"
EndProject
Project("{2150E333-8FDC-42A3-9474-1A3956D46DE8}") = "Solution Items", "Solution Items", "{D5677EAA-E6A7-47EC-8277-78A8084A9C52}"
	ProjectSection(SolutionItems) = preProject
		PowerShell\AddColumnGlossaryTag.txt = PowerShell\AddColumnGlossaryTag.txt
		ADFv2 Pipelines\AddGlossaryTags.json = ADFv2 Pipelines\AddGlossaryTags.json
		PowerShell\ExportBusinessGlossary.ps = PowerShell\ExportBusinessGlossary.ps
		ADFv2 Pipelines\ExportDataCatalog.json = ADFv2 Pipelines\ExportDataCatalog.json
		PowerShell\SearchDataCatalog.ps = PowerShell\SearchDataCatalog.ps
	EndProjectSection
EndProject
Global
	GlobalSection(SolutionConfigurationPlatforms) = preSolution
		Debug|Any CPU = Debug|Any CPU
		Debug|x64 = Debug|x64
		Debug|x86 = Debug|x86
		Release|Any CPU = Release|Any CPU
		Release|x64 = Release|x64
		Release|x86 = Release|x86
	EndGlobalSection
	GlobalSection(ProjectConfigurationPlatforms) = postSolution
		{D930B309-7220-4B6A-926B-E7A96A86A8EB}.Debug|Any CPU.ActiveCfg = Debug|Any CPU
		{D930B309-7220-4B6A-926B-E7A96A86A8EB}.Debug|Any CPU.Build.0 = Debug|Any CPU
		{D930B309-7220-4B6A-926B-E7A96A86A8EB}.Debug|x64.ActiveCfg = Debug|x64
		{D930B309-7220-4B6A-926B-E7A96A86A8EB}.Debug|x64.Build.0 = Debug|x64
		{D930B309-7220-4B6A-926B-E7A96A86A8EB}.Debug|x86.ActiveCfg = Debug|x86
		{D930B309-7220-4B6A-926B-E7A96A86A8EB}.Debug|x86.Build.0 = Debug|x86
		{D930B309-7220-4B6A-926B-E7A96A86A8EB}.Release|Any CPU.ActiveCfg = Release|Any CPU
		{D930B309-7220-4B6A-926B-E7A96A86A8EB}.Release|Any CPU.Build.0 = Release|Any CPU
		{D930B309-7220-4B6A-926B-E7A96A86A8EB}.Release|x64.ActiveCfg = Release|x64
		{D930B309-7220-4B6A-926B-E7A96A86A8EB}.Release|x64.Build.0 = Release|x64
		{D930B309-7220-4B6A-926B-E7A96A86A8EB}.Release|x86.ActiveCfg = Release|x86
		{D930B309-7220-4B6A-926B-E7A96A86A8EB}.Release|x86.Build.0 = Release|x86
		{4BAC4E8A-49CC-4AFB-9C8C-72CAEA1490E5}.Debug|Any CPU.ActiveCfg = Debug|Any CPU
		{4BAC4E8A-49CC-4AFB-9C8C-72CAEA1490E5}.Debug|Any CPU.Build.0 = Debug|Any CPU
		{4BAC4E8A-49CC-4AFB-9C8C-72CAEA1490E5}.Debug|x64.ActiveCfg = Debug|x64
		{4BAC4E8A-49CC-4AFB-9C8C-72CAEA1490E5}.Debug|x64.Build.0 = Debug|x64
		{4BAC4E8A-49CC-4AFB-9C8C-72CAEA1490E5}.Debug|x86.ActiveCfg = Debug|x86
		{4BAC4E8A-49CC-4AFB-9C8C-72CAEA1490E5}.Debug|x86.Build.0 = Debug|x86
		{4BAC4E8A-49CC-4AFB-9C8C-72CAEA1490E5}.Release|Any CPU.ActiveCfg = Release|Any CPU
		{4BAC4E8A-49CC-4AFB-9C8C-72CAEA1490E5}.Release|Any CPU.Build.0 = Release|Any CPU
		{4BAC4E8A-49CC-4AFB-9C8C-72CAEA1490E5}.Release|x64.ActiveCfg = Release|x64
		{4BAC4E8A-49CC-4AFB-9C8C-72CAEA1490E5}.Release|x64.Build.0 = Release|x64
		{4BAC4E8A-49CC-4AFB-9C8C-72CAEA1490E5}.Release|x86.ActiveCfg = Release|x86
		{4BAC4E8A-49CC-4AFB-9C8C-72CAEA1490E5}.Release|x86.Build.0 = Release|x86
	EndGlobalSection
	GlobalSection(SolutionProperties) = preSolution
		HideSolutionNode = FALSE
	EndGlobalSection
EndGlobal
